{
  "nodes": {
    "chaotic": {
      "inputs": {
        "compare-to": "compare-to",
        "flake-schemas": "flake-schemas",
        "home-manager": "home-manager",
        "jovian": "jovian",
        "nixpkgs": "nixpkgs",
        "systems": "systems",
        "yafas": "yafas"
      },
      "locked": {
        "lastModified": 1719245054,
        "narHash": "sha256-VqwLfutqy3bSPg4OObre4WyCZlazbExs5zFXIMxy6N0=",
        "owner": "chaotic-cx",
        "repo": "nyx",
        "rev": "283a86abc60ee3642ee1a98bc1ca255b88b5e6b0",
        "type": "github"
      },
      "original": {
        "owner": "chaotic-cx",
        "ref": "nyxpkgs-unstable",
        "repo": "nyx",
        "type": "github"
      }
    },
    "compare-to": {
      "locked": {
        "lastModified": 1695341185,
        "narHash": "sha256-htO6DSbWyCgaDkxi7foPjXwJFPzGjVt3RRUbPSpNtZY=",
        "rev": "98b8e330823a3570d328720f87a1153f8a7f2224",
        "revCount": 2,
        "type": "tarball",
        "url": "https://api.flakehub.com/f/pinned/chaotic-cx/nix-empty-flake/0.1.2%2Brev-98b8e330823a3570d328720f87a1153f8a7f2224/018aba35-d228-7fa9-b205-7616c89ef4e0/source.tar.gz"
      },
      "original": {
        "type": "tarball",
        "url": "https://flakehub.com/f/chaotic-cx/nix-empty-flake/%3D0.1.2.tar.gz"
      }
    },
    "disko": {
      "inputs": {
        "nixpkgs": [
          "nixpkgs"
        ]
      },
      "locked": {
        "lastModified": 1719236180,
        "narHash": "sha256-VZAfBk2Lo8hQy/NQ4XVSpTICT0ownXBUi1QvGfdlxaM=",
        "owner": "nix-community",
        "repo": "disko",
        "rev": "dd4d1663ccf7fbdb32361b9afe9e71206584cd4c",
        "type": "github"
      },
      "original": {
        "owner": "nix-community",
        "repo": "disko",
        "type": "github"
      }
    },
    "f-sy-h": {
      "flake": false,
      "locked": {
        "lastModified": 1702802089,
        "narHash": "sha256-AEeGEx2vyyHVS92Nla7XoqSx3rTpQHYwPMrK1jFH1Mg=",
        "owner": "z-shell",
        "repo": "F-Sy-H",
        "rev": "3dea11a9018061e6e3a77e529b79e5654679d3a0",
        "type": "github"
      },
      "original": {
        "owner": "z-shell",
        "repo": "F-Sy-H",
        "type": "github"
      }
    },
    "flake-schemas": {
      "locked": {
        "lastModified": 1693491534,
        "narHash": "sha256-ifw8Td8kD08J8DxFbYjeIx5naHcDLz7s2IFP3X42I/U=",
        "rev": "c702cbb663d6d70bbb716584a2ee3aeb35017279",
        "revCount": 21,
        "type": "tarball",
        "url": "https://api.flakehub.com/f/pinned/DeterminateSystems/flake-schemas/0.1.1/018a4c59-80e1-708a-bb4d-854930c20f72/source.tar.gz"
      },
      "original": {
        "type": "tarball",
        "url": "https://flakehub.com/f/DeterminateSystems/flake-schemas/%3D0.1.1.tar.gz"
      }
    },
    "home": {
      "inputs": {
        "nixpkgs": [
          "nixpkgs"
        ]
      },
      "locked": {
        "lastModified": 1719180626,
        "narHash": "sha256-vZAzm5KQpR6RGple1dzmSJw5kPivES2heCFM+ZWkt0I=",
        "owner": "nix-community",
        "repo": "home-manager",
        "rev": "6b1f90a8ff92e81638ae6eb48cd62349c3e387bb",
        "type": "github"
      },
      "original": {
        "owner": "nix-community",
        "repo": "home-manager",
        "type": "github"
      }
    },
    "home-manager": {
      "inputs": {
        "nixpkgs": [
          "chaotic",
          "nixpkgs"
        ]
      },
      "locked": {
        "lastModified": 1719180626,
        "narHash": "sha256-vZAzm5KQpR6RGple1dzmSJw5kPivES2heCFM+ZWkt0I=",
        "owner": "nix-community",
        "repo": "home-manager",
        "rev": "6b1f90a8ff92e81638ae6eb48cd62349c3e387bb",
        "type": "github"
      },
      "original": {
        "owner": "nix-community",
        "repo": "home-manager",
        "type": "github"
      }
    },
    "jovian": {
      "inputs": {
        "nix-github-actions": "nix-github-actions",
        "nixpkgs": [
          "chaotic",
          "nixpkgs"
        ]
      },
      "locked": {
        "lastModified": 1719032789,
        "narHash": "sha256-MIPobSKR53T0Yrb8wu2fbjSVokhJeJy5AF6B1Hzckso=",
        "owner": "Jovian-Experiments",
        "repo": "Jovian-NixOS",
        "rev": "495a672a2024bdc0e86af95f4e338827f9bfb865",
        "type": "github"
      },
      "original": {
        "owner": "Jovian-Experiments",
        "repo": "Jovian-NixOS",
        "type": "github"
      }
    },
    "master": {
      "locked": {
        "lastModified": 1719251279,
        "narHash": "sha256-ahKXjYi8LNQF+uLG+4tpSUrVXgOAE1NP1QNHcfEChLs=",
        "owner": "nixos",
        "repo": "nixpkgs",
        "rev": "e1f89770af6dce5bef6c79924dc827424c103cbf",
        "type": "github"
      },
      "original": {
        "owner": "nixos",
        "ref": "master",
        "repo": "nixpkgs",
        "type": "github"
      }
    },
    "nix-github-actions": {
      "inputs": {
        "nixpkgs": [
          "chaotic",
          "jovian",
          "nixpkgs"
        ]
      },
      "locked": {
        "lastModified": 1690328911,
        "narHash": "sha256-fxtExYk+aGf2YbjeWQ8JY9/n9dwuEt+ma1eUFzF8Jeo=",
        "owner": "zhaofengli",
        "repo": "nix-github-actions",
        "rev": "96df4a39c52f53cb7098b923224d8ce941b64747",
        "type": "github"
      },
      "original": {
        "owner": "zhaofengli",
        "ref": "matrix-name",
        "repo": "nix-github-actions",
        "type": "github"
      }
    },
    "nix-index-database": {
      "inputs": {
        "nixpkgs": [
          "nixpkgs"
        ]
      },
      "locked": {
        "lastModified": 1719111455,
        "narHash": "sha256-rnIxHx+fLpydjMQsbpZ21kblUr/lMqSaAtMA4+qMMEE=",
        "owner": "Mic92",
        "repo": "nix-index-database",
        "rev": "4293f532d0107dfb7e6f8b34a0421dc8111320e6",
        "type": "github"
      },
      "original": {
        "owner": "Mic92",
        "repo": "nix-index-database",
        "type": "github"
      }
    },
    "nixpkgs": {
      "locked": {
        "lastModified": 1719075281,
        "narHash": "sha256-CyyxvOwFf12I91PBWz43iGT1kjsf5oi6ax7CrvaMyAo=",
        "owner": "NixOS",
        "repo": "nixpkgs",
        "rev": "a71e967ef3694799d0c418c98332f7ff4cc5f6af",
        "type": "github"
      },
      "original": {
        "owner": "NixOS",
        "ref": "nixos-unstable",
        "repo": "nixpkgs",
        "type": "github"
      }
    },
    "nur": {
      "locked": {
        "lastModified": 1719251528,
        "narHash": "sha256-5xpD5AWMFLnfCZ35N69hrxDYCbeVyi2xskyebfAU2Jw=",
        "owner": "nix-community",
        "repo": "NUR",
        "rev": "fb5d243838c4994a7e3c48ac3a7b5a9c1cddaf21",
        "type": "github"
      },
      "original": {
        "owner": "nix-community",
        "repo": "NUR",
        "type": "github"
      }
    },
    "parts": {
      "inputs": {
        "nixpkgs-lib": [
          "nixpkgs"
        ]
      },
      "locked": {
        "lastModified": 1717285511,
        "narHash": "sha256-iKzJcpdXih14qYVcZ9QC9XuZYnPc6T8YImb6dX166kw=",
        "owner": "hercules-ci",
        "repo": "flake-parts",
        "rev": "2a55567fcf15b1b1c7ed712a2c6fadaec7412ea8",
        "type": "github"
      },
      "original": {
        "owner": "hercules-ci",
        "repo": "flake-parts",
        "type": "github"
      }
    },
    "plasma-manager": {
      "inputs": {
        "home-manager": [
          "home"
        ],
        "nixpkgs": [
          "nixpkgs"
        ]
      },
      "locked": {
        "lastModified": 1719241096,
        "narHash": "sha256-36De9zA7fp976ZPxATQ2LHcQohUUISCGlAcCKJqRC/0=",
        "owner": "nix-community",
        "repo": "plasma-manager",
        "rev": "d67f2f550a26da44554f239c7043112e0cfbb231",
        "type": "github"
      },
      "original": {
        "owner": "nix-community",
        "repo": "plasma-manager",
        "type": "github"
      }
    },
    "root": {
      "inputs": {
        "chaotic": "chaotic",
        "disko": "disko",
        "f-sy-h": "f-sy-h",
        "home": "home",
        "master": "master",
        "nix-index-database": "nix-index-database",
        "nixpkgs": [
          "unstable"
        ],
        "nur": "nur",
        "parts": "parts",
        "plasma-manager": "plasma-manager",
        "stable": "stable",
        "unstable": "unstable",
        "zsh-autocomplete": "zsh-autocomplete",
        "zsh-nix-shell": "zsh-nix-shell"
      }
    },
    "stable": {
      "locked": {
        "lastModified": 1719145550,
        "narHash": "sha256-K0i/coxxTEl30tgt4oALaylQfxqbotTSNb1/+g+mKMQ=",
        "owner": "nixos",
        "repo": "nixpkgs",
        "rev": "e4509b3a560c87a8d4cb6f9992b8915abf9e36d8",
        "type": "github"
      },
      "original": {
        "owner": "nixos",
        "ref": "nixos-24.05",
        "repo": "nixpkgs",
        "type": "github"
      }
    },
    "systems": {
      "locked": {
        "lastModified": 1689347949,
        "narHash": "sha256-12tWmuL2zgBgZkdoB6qXZsgJEH9LR3oUgpaQq2RbI80=",
        "owner": "nix-systems",
        "repo": "default-linux",
        "rev": "31732fcf5e8fea42e59c2488ad31a0e651500f68",
        "type": "github"
      },
      "original": {
        "owner": "nix-systems",
        "repo": "default-linux",
        "type": "github"
      }
    },
    "unstable": {
      "locked": {
        "lastModified": 1719075281,
        "narHash": "sha256-CyyxvOwFf12I91PBWz43iGT1kjsf5oi6ax7CrvaMyAo=",
        "owner": "nixos",
        "repo": "nixpkgs",
        "rev": "a71e967ef3694799d0c418c98332f7ff4cc5f6af",
        "type": "github"
      },
      "original": {
        "owner": "nixos",
        "ref": "nixos-unstable",
        "repo": "nixpkgs",
        "type": "github"
      }
    },
    "yafas": {
      "inputs": {
        "flake-schemas": [
          "chaotic",
          "flake-schemas"
        ],
        "systems": [
          "chaotic",
          "systems"
        ]
      },
      "locked": {
        "lastModified": 1695926485,
        "narHash": "sha256-wNFFnItckgSs8XeYhhv8vlJs2WF09fSQaWgw4xkDqHQ=",
        "owner": "UbiqueLambda",
        "repo": "yafas",
        "rev": "7772afd6686458ca0ddbc599a52cf5d337367653",
        "type": "github"
      },
      "original": {
        "owner": "UbiqueLambda",
        "repo": "yafas",
        "type": "github"
      }
    },
    "zsh-autocomplete": {
      "flake": false,
      "locked": {
        "lastModified": 1717594845,
        "narHash": "sha256-QcPNXpTFRI59Oi59WP4XlC+xMyN6aHRPF4UpJ6E1vok=",
        "owner": "marlonrichert",
        "repo": "zsh-autocomplete",
        "rev": "cfc3fd9a75d0577aa9d65e35849f2d8c2719b873",
        "type": "github"
      },
      "original": {
        "owner": "marlonrichert",
        "repo": "zsh-autocomplete",
        "type": "github"
      }
    },
    "zsh-nix-shell": {
      "flake": false,
      "locked": {
        "lastModified": 1704028593,
        "narHash": "sha256-Rtg8kWVLhXRuD2/Ctbtgz9MQCtKZOLpAIdommZhXKdE=",
        "owner": "chisui",
        "repo": "zsh-nix-shell",
        "rev": "82ca15e638cc208e6d8368e34a1625ed75e08f90",
        "type": "github"
      },
      "original": {
        "owner": "chisui",
        "repo": "zsh-nix-shell",
        "type": "github"
      }
    }
  },
  "root": "root",
  "version": 7
}
