{
  "nodes": {
    "chaotic": {
      "inputs": {
        "compare-to": "compare-to",
        "flake-schemas": "flake-schemas",
        "home-manager": "home-manager",
        "jovian": "jovian",
        "nixpkgs": "nixpkgs",
        "systems": "systems",
        "yafas": "yafas"
      },
      "locked": {
        "lastModified": 1718824152,
        "narHash": "sha256-DhOlFPKCnCV8J2AmlUFzx4j0tl1bIlDHRv1/X2uxNMs=",
        "owner": "chaotic-cx",
        "repo": "nyx",
        "rev": "84e8d701524a8eaf5418217029c3b0793a202537",
        "type": "github"
      },
      "original": {
        "owner": "chaotic-cx",
        "ref": "nyxpkgs-unstable",
        "repo": "nyx",
        "type": "github"
      }
    },
    "compare-to": {
      "locked": {
        "lastModified": 1695341185,
        "narHash": "sha256-htO6DSbWyCgaDkxi7foPjXwJFPzGjVt3RRUbPSpNtZY=",
        "rev": "98b8e330823a3570d328720f87a1153f8a7f2224",
        "revCount": 2,
        "type": "tarball",
        "url": "https://api.flakehub.com/f/pinned/chaotic-cx/nix-empty-flake/0.1.2%2Brev-98b8e330823a3570d328720f87a1153f8a7f2224/018aba35-d228-7fa9-b205-7616c89ef4e0/source.tar.gz"
      },
      "original": {
        "type": "tarball",
        "url": "https://flakehub.com/f/chaotic-cx/nix-empty-flake/%3D0.1.2.tar.gz"
      }
    },
    "disko": {
      "inputs": {
        "nixpkgs": [
          "nixpkgs"
        ]
      },
      "locked": {
        "lastModified": 1718846788,
        "narHash": "sha256-9dtXYtEkmXoUJV+PGLqscqF7qTn4AIhAKpFWRFU2NYs=",
        "owner": "nix-community",
        "repo": "disko",
        "rev": "e1174d991944a01eaaa04bc59c6281edca4c0e6e",
        "type": "github"
      },
      "original": {
        "owner": "nix-community",
        "repo": "disko",
        "type": "github"
      }
    },
    "f-sy-h": {
      "flake": false,
      "locked": {
        "lastModified": 1702802089,
        "narHash": "sha256-AEeGEx2vyyHVS92Nla7XoqSx3rTpQHYwPMrK1jFH1Mg=",
        "owner": "z-shell",
        "repo": "F-Sy-H",
        "rev": "3dea11a9018061e6e3a77e529b79e5654679d3a0",
        "type": "github"
      },
      "original": {
        "owner": "z-shell",
        "repo": "F-Sy-H",
        "type": "github"
      }
    },
    "flake-schemas": {
      "locked": {
        "lastModified": 1693491534,
        "narHash": "sha256-ifw8Td8kD08J8DxFbYjeIx5naHcDLz7s2IFP3X42I/U=",
        "rev": "c702cbb663d6d70bbb716584a2ee3aeb35017279",
        "revCount": 21,
        "type": "tarball",
        "url": "https://api.flakehub.com/f/pinned/DeterminateSystems/flake-schemas/0.1.1/018a4c59-80e1-708a-bb4d-854930c20f72/source.tar.gz"
      },
      "original": {
        "type": "tarball",
        "url": "https://flakehub.com/f/DeterminateSystems/flake-schemas/%3D0.1.1.tar.gz"
      }
    },
    "home": {
      "inputs": {
        "nixpkgs": [
          "nixpkgs"
        ]
      },
      "locked": {
        "lastModified": 1718788307,
        "narHash": "sha256-SqiOz0sljM0GjyQEVinPXQxaGcbOXw5OgpCWGPgh/vo=",
        "owner": "nix-community",
        "repo": "home-manager",
        "rev": "d7830d05421d0ced83a0f007900898bdcaf2a2ca",
        "type": "github"
      },
      "original": {
        "owner": "nix-community",
        "repo": "home-manager",
        "type": "github"
      }
    },
    "home-manager": {
      "inputs": {
        "nixpkgs": [
          "chaotic",
          "nixpkgs"
        ]
      },
      "locked": {
        "lastModified": 1718788307,
        "narHash": "sha256-SqiOz0sljM0GjyQEVinPXQxaGcbOXw5OgpCWGPgh/vo=",
        "owner": "nix-community",
        "repo": "home-manager",
        "rev": "d7830d05421d0ced83a0f007900898bdcaf2a2ca",
        "type": "github"
      },
      "original": {
        "owner": "nix-community",
        "repo": "home-manager",
        "type": "github"
      }
    },
    "jovian": {
      "inputs": {
        "nix-github-actions": "nix-github-actions",
        "nixpkgs": [
          "chaotic",
          "nixpkgs"
        ]
      },
      "locked": {
        "lastModified": 1718695495,
        "narHash": "sha256-ZimPldKvfVEKcpJjC3WZnAtLeEZely08t3m76pbXqIE=",
        "owner": "Jovian-Experiments",
        "repo": "Jovian-NixOS",
        "rev": "d723a7e3962d683acdcd5658b351fdefe16bf04f",
        "type": "github"
      },
      "original": {
        "owner": "Jovian-Experiments",
        "repo": "Jovian-NixOS",
        "type": "github"
      }
    },
    "master": {
      "locked": {
        "lastModified": 1718907864,
        "narHash": "sha256-q5O8mAN4rOt90SOjPtJpjdqExEom6iG0N94pPHLwbwo=",
        "owner": "nixos",
        "repo": "nixpkgs",
        "rev": "05df1622b965506678cbf0bf45154a027133af22",
        "type": "github"
      },
      "original": {
        "owner": "nixos",
        "ref": "master",
        "repo": "nixpkgs",
        "type": "github"
      }
    },
    "nix-github-actions": {
      "inputs": {
        "nixpkgs": [
          "chaotic",
          "jovian",
          "nixpkgs"
        ]
      },
      "locked": {
        "lastModified": 1690328911,
        "narHash": "sha256-fxtExYk+aGf2YbjeWQ8JY9/n9dwuEt+ma1eUFzF8Jeo=",
        "owner": "zhaofengli",
        "repo": "nix-github-actions",
        "rev": "96df4a39c52f53cb7098b923224d8ce941b64747",
        "type": "github"
      },
      "original": {
        "owner": "zhaofengli",
        "ref": "matrix-name",
        "repo": "nix-github-actions",
        "type": "github"
      }
    },
    "nix-index-database": {
      "inputs": {
        "nixpkgs": [
          "nixpkgs"
        ]
      },
      "locked": {
        "lastModified": 1718507237,
        "narHash": "sha256-xBEWCxWeRpWQggFFp8ugJCDa63cOJsVvx71R9F0Eowg=",
        "owner": "Mic92",
        "repo": "nix-index-database",
        "rev": "6af2c5e58c20311276f59d247341cafeebfcb6f4",
        "type": "github"
      },
      "original": {
        "owner": "Mic92",
        "repo": "nix-index-database",
        "type": "github"
      }
    },
    "nixpkgs": {
      "locked": {
        "lastModified": 1718530797,
        "narHash": "sha256-pup6cYwtgvzDpvpSCFh1TEUjw2zkNpk8iolbKnyFmmU=",
        "owner": "NixOS",
        "repo": "nixpkgs",
        "rev": "b60ebf54c15553b393d144357375ea956f89e9a9",
        "type": "github"
      },
      "original": {
        "owner": "NixOS",
        "ref": "nixos-unstable",
        "repo": "nixpkgs",
        "type": "github"
      }
    },
    "nur": {
      "locked": {
        "lastModified": 1718903079,
        "narHash": "sha256-88DWxDvExI5zWwmUfjSfVS3dCjme+SanWStVpAIxa8k=",
        "owner": "nix-community",
        "repo": "NUR",
        "rev": "733c103717ffbf4629b7418c650798bc4a3ad1df",
        "type": "github"
      },
      "original": {
        "owner": "nix-community",
        "repo": "NUR",
        "type": "github"
      }
    },
    "parts": {
      "inputs": {
        "nixpkgs-lib": [
          "nixpkgs"
        ]
      },
      "locked": {
        "lastModified": 1717285511,
        "narHash": "sha256-iKzJcpdXih14qYVcZ9QC9XuZYnPc6T8YImb6dX166kw=",
        "owner": "hercules-ci",
        "repo": "flake-parts",
        "rev": "2a55567fcf15b1b1c7ed712a2c6fadaec7412ea8",
        "type": "github"
      },
      "original": {
        "owner": "hercules-ci",
        "repo": "flake-parts",
        "type": "github"
      }
    },
    "plasma-manager": {
      "inputs": {
        "home-manager": [
          "home"
        ],
        "nixpkgs": [
          "nixpkgs"
        ]
      },
      "locked": {
        "lastModified": 1718901599,
        "narHash": "sha256-wuEp84OMKToXLwTajvmOdYan9xJVKt+U7PDPqxbmOaU=",
        "owner": "pjones",
        "repo": "plasma-manager",
        "rev": "ef64e5da3b01ed10d995ff90a5d14da706f602ab",
        "type": "github"
      },
      "original": {
        "owner": "pjones",
        "repo": "plasma-manager",
        "type": "github"
      }
    },
    "root": {
      "inputs": {
        "chaotic": "chaotic",
        "disko": "disko",
        "f-sy-h": "f-sy-h",
        "home": "home",
        "master": "master",
        "nix-index-database": "nix-index-database",
        "nixpkgs": [
          "unstable"
        ],
        "nur": "nur",
        "parts": "parts",
        "plasma-manager": "plasma-manager",
        "stable": "stable",
        "unstable": "unstable",
        "zsh-autocomplete": "zsh-autocomplete",
        "zsh-nix-shell": "zsh-nix-shell"
      }
    },
    "stable": {
      "locked": {
        "lastModified": 1718717462,
        "narHash": "sha256-qddfQLMaWR2gxfEzUM/zFZVK6H1kTv9WBQSBQxbP3MU=",
        "owner": "nixos",
        "repo": "nixpkgs",
        "rev": "938aa157bbd6e3c6fd7dcb77998b1f92c2ad1631",
        "type": "github"
      },
      "original": {
        "owner": "nixos",
        "ref": "nixos-24.05",
        "repo": "nixpkgs",
        "type": "github"
      }
    },
    "systems": {
      "locked": {
        "lastModified": 1689347949,
        "narHash": "sha256-12tWmuL2zgBgZkdoB6qXZsgJEH9LR3oUgpaQq2RbI80=",
        "owner": "nix-systems",
        "repo": "default-linux",
        "rev": "31732fcf5e8fea42e59c2488ad31a0e651500f68",
        "type": "github"
      },
      "original": {
        "owner": "nix-systems",
        "repo": "default-linux",
        "type": "github"
      }
    },
    "unstable": {
      "locked": {
        "lastModified": 1718714799,
        "narHash": "sha256-FUZpz9rg3gL8NVPKbqU8ei1VkPLsTIfAJ2fdAf5qjak=",
        "owner": "nixos",
        "repo": "nixpkgs",
        "rev": "c00d587b1a1afbf200b1d8f0b0e4ba9deb1c7f0e",
        "type": "github"
      },
      "original": {
        "owner": "nixos",
        "ref": "nixos-unstable",
        "repo": "nixpkgs",
        "type": "github"
      }
    },
    "yafas": {
      "inputs": {
        "flake-schemas": [
          "chaotic",
          "flake-schemas"
        ],
        "systems": [
          "chaotic",
          "systems"
        ]
      },
      "locked": {
        "lastModified": 1695926485,
        "narHash": "sha256-wNFFnItckgSs8XeYhhv8vlJs2WF09fSQaWgw4xkDqHQ=",
        "owner": "UbiqueLambda",
        "repo": "yafas",
        "rev": "7772afd6686458ca0ddbc599a52cf5d337367653",
        "type": "github"
      },
      "original": {
        "owner": "UbiqueLambda",
        "repo": "yafas",
        "type": "github"
      }
    },
    "zsh-autocomplete": {
      "flake": false,
      "locked": {
        "lastModified": 1717594845,
        "narHash": "sha256-QcPNXpTFRI59Oi59WP4XlC+xMyN6aHRPF4UpJ6E1vok=",
        "owner": "marlonrichert",
        "repo": "zsh-autocomplete",
        "rev": "cfc3fd9a75d0577aa9d65e35849f2d8c2719b873",
        "type": "github"
      },
      "original": {
        "owner": "marlonrichert",
        "repo": "zsh-autocomplete",
        "type": "github"
      }
    },
    "zsh-nix-shell": {
      "flake": false,
      "locked": {
        "lastModified": 1704028593,
        "narHash": "sha256-Rtg8kWVLhXRuD2/Ctbtgz9MQCtKZOLpAIdommZhXKdE=",
        "owner": "chisui",
        "repo": "zsh-nix-shell",
        "rev": "82ca15e638cc208e6d8368e34a1625ed75e08f90",
        "type": "github"
      },
      "original": {
        "owner": "chisui",
        "repo": "zsh-nix-shell",
        "type": "github"
      }
    }
  },
  "root": "root",
  "version": 7
}
